Microsoft Visual Studio Solution File, Format Version 12.00
Project("{9A19103F-16F7-4668-BE54-9A1E7A4F7556}") = "DayTemplate", "DayTemplate.csproj", "{9B434608-DF66-4227-9EF9-564D21BB19BC}"
EndProject
Project("{9A19103F-16F7-4668-BE54-9A1E7A4F7556}") = "Day1", "..\Day1\Day1.csproj", "{EC2BA73C-0444-45D8-895E-1D14F5536F99}"
EndProject
Project("{9A19103F-16F7-4668-BE54-9A1E7A4F7556}") = "Day2", "..\Day2\Day2.csproj", "{63AAE670-E61D-483E-8A5C-8A78368C395B}"
EndProject
Project("{9A19103F-16F7-4668-BE54-9A1E7A4F7556}") = "Day3", "..\Day3\Day3.csproj", "{8C3252DC-0C4D-411A-A9BF-C987F4B0D177}"
EndProject
Project("{9A19103F-16F7-4668-BE54-9A1E7A4F7556}") = "Day4", "..\Day4\Day4.csproj", "{94CB766E-0451-482A-9E40-A25C20048E09}"
EndProject
Project("{9A19103F-16F7-4668-BE54-9A1E7A4F7556}") = "Day5", "..\Day5\Day5.csproj", "{FD2D1DF7-C947-41CA-88F2-5F98F1830CCA}"
EndProject
Project("{9A19103F-16F7-4668-BE54-9A1E7A4F7556}") = "Day6", "..\Day6\Day6.csproj", "{684C0FDA-4EDF-4427-B357-9DA05F4615F3}"
EndProject
Project("{9A19103F-16F7-4668-BE54-9A1E7A4F7556}") = "Day7", "..\Day7\Day7.csproj", "{0F4864EE-8C99-43E3-8AE1-12D7438E38D0}"
EndProject
Global
	GlobalSection(SolutionConfigurationPlatforms) = preSolution
		Debug|Any CPU = Debug|Any CPU
		Release|Any CPU = Release|Any CPU
	EndGlobalSection
	GlobalSection(ProjectConfigurationPlatforms) = postSolution
		{9B434608-DF66-4227-9EF9-564D21BB19BC}.Debug|Any CPU.ActiveCfg = Debug|Any CPU
		{9B434608-DF66-4227-9EF9-564D21BB19BC}.Debug|Any CPU.Build.0 = Debug|Any CPU
		{9B434608-DF66-4227-9EF9-564D21BB19BC}.Release|Any CPU.ActiveCfg = Release|Any CPU
		{9B434608-DF66-4227-9EF9-564D21BB19BC}.Release|Any CPU.Build.0 = Release|Any CPU
		{EC2BA73C-0444-45D8-895E-1D14F5536F99}.Debug|Any CPU.ActiveCfg = Debug|Any CPU
		{EC2BA73C-0444-45D8-895E-1D14F5536F99}.Debug|Any CPU.Build.0 = Debug|Any CPU
		{EC2BA73C-0444-45D8-895E-1D14F5536F99}.Release|Any CPU.ActiveCfg = Release|Any CPU
		{EC2BA73C-0444-45D8-895E-1D14F5536F99}.Release|Any CPU.Build.0 = Release|Any CPU
		{63AAE670-E61D-483E-8A5C-8A78368C395B}.Debug|Any CPU.ActiveCfg = Debug|Any CPU
		{63AAE670-E61D-483E-8A5C-8A78368C395B}.Debug|Any CPU.Build.0 = Debug|Any CPU
		{63AAE670-E61D-483E-8A5C-8A78368C395B}.Release|Any CPU.ActiveCfg = Release|Any CPU
		{63AAE670-E61D-483E-8A5C-8A78368C395B}.Release|Any CPU.Build.0 = Release|Any CPU
		{8C3252DC-0C4D-411A-A9BF-C987F4B0D177}.Debug|Any CPU.ActiveCfg = Debug|Any CPU
		{8C3252DC-0C4D-411A-A9BF-C987F4B0D177}.Debug|Any CPU.Build.0 = Debug|Any CPU
		{8C3252DC-0C4D-411A-A9BF-C987F4B0D177}.Release|Any CPU.ActiveCfg = Release|Any CPU
		{8C3252DC-0C4D-411A-A9BF-C987F4B0D177}.Release|Any CPU.Build.0 = Release|Any CPU
		{94CB766E-0451-482A-9E40-A25C20048E09}.Debug|Any CPU.ActiveCfg = Debug|Any CPU
		{94CB766E-0451-482A-9E40-A25C20048E09}.Debug|Any CPU.Build.0 = Debug|Any CPU
		{94CB766E-0451-482A-9E40-A25C20048E09}.Release|Any CPU.ActiveCfg = Release|Any CPU
		{94CB766E-0451-482A-9E40-A25C20048E09}.Release|Any CPU.Build.0 = Release|Any CPU
		{FD2D1DF7-C947-41CA-88F2-5F98F1830CCA}.Debug|Any CPU.ActiveCfg = Debug|Any CPU
		{FD2D1DF7-C947-41CA-88F2-5F98F1830CCA}.Debug|Any CPU.Build.0 = Debug|Any CPU
		{FD2D1DF7-C947-41CA-88F2-5F98F1830CCA}.Release|Any CPU.ActiveCfg = Release|Any CPU
		{FD2D1DF7-C947-41CA-88F2-5F98F1830CCA}.Release|Any CPU.Build.0 = Release|Any CPU
		{684C0FDA-4EDF-4427-B357-9DA05F4615F3}.Debug|Any CPU.ActiveCfg = Debug|Any CPU
		{684C0FDA-4EDF-4427-B357-9DA05F4615F3}.Debug|Any CPU.Build.0 = Debug|Any CPU
		{684C0FDA-4EDF-4427-B357-9DA05F4615F3}.Release|Any CPU.ActiveCfg = Release|Any CPU
		{684C0FDA-4EDF-4427-B357-9DA05F4615F3}.Release|Any CPU.Build.0 = Release|Any CPU
		{0F4864EE-8C99-43E3-8AE1-12D7438E38D0}.Debug|Any CPU.ActiveCfg = Debug|Any CPU
		{0F4864EE-8C99-43E3-8AE1-12D7438E38D0}.Debug|Any CPU.Build.0 = Debug|Any CPU
		{0F4864EE-8C99-43E3-8AE1-12D7438E38D0}.Release|Any CPU.ActiveCfg = Release|Any CPU
		{0F4864EE-8C99-43E3-8AE1-12D7438E38D0}.Release|Any CPU.Build.0 = Release|Any CPU
	EndGlobalSection
	GlobalSection(SolutionProperties) = preSolution
		HideSolutionNode = FALSE
	EndGlobalSection
	GlobalSection(ExtensibilityGlobals) = postSolution
		SolutionGuid = {3E16E4BD-8D61-40F9-909F-3C93FFBA4990}
	EndGlobalSection
EndGlobal
