
Microsoft Visual Studio Solution File, Format Version 12.00
# Visual Studio Version 17
VisualStudioVersion = 17.8.34322.80
MinimumVisualStudioVersion = 10.0.40219.1
Project("{9A19103F-16F7-4668-BE54-9A1E7A4F7556}") = "Day1", "Day1\Day1.csproj", "{87A4C318-702A-498E-B481-F4567F4E499E}"
EndProject
Project("{2150E333-8FDC-42A3-9474-1A3956D46DE8}") = "Solution Items", "Solution Items", "{238D0F7D-0D2C-41E7-9BDE-E5F608454CCE}"
	ProjectSection(SolutionItems) = preProject
		.gitignore = .gitignore
	EndProjectSection
EndProject
Project("{FAE04EC0-301F-11D3-BF4B-00C04F79EFBC}") = "Day2", "Day2\Day2.csproj", "{4986E53D-AFF3-403B-8421-5324AE0FF2B1}"
EndProject
Project("{FAE04EC0-301F-11D3-BF4B-00C04F79EFBC}") = "Day3", "Day3\Day3.csproj", "{1BC68A22-F1FE-4658-A346-D1A82264BFAF}"
EndProject
Project("{FAE04EC0-301F-11D3-BF4B-00C04F79EFBC}") = "Day4", "Day4\Day4.csproj", "{6149F6CD-3938-4969-9CB3-37B879F7A549}"
EndProject
Project("{FAE04EC0-301F-11D3-BF4B-00C04F79EFBC}") = "Day5", "Day5\Day5.csproj", "{07059B82-1A82-4E6B-9D31-04F257A76F3A}"
EndProject
Project("{FAE04EC0-301F-11D3-BF4B-00C04F79EFBC}") = "Day6", "Day6\Day6.csproj", "{69FF1B82-1C36-46F2-A8C6-5C1AF4BB62A9}"
EndProject
Project("{FAE04EC0-301F-11D3-BF4B-00C04F79EFBC}") = "Day7", "Day7\Day7.csproj", "{E10A1D73-FB7B-4CF5-B89F-0276D758040A}"
EndProject
Project("{FAE04EC0-301F-11D3-BF4B-00C04F79EFBC}") = "Day7b", "Day7b\Day7b.csproj", "{863B7471-EFE1-4090-91F7-0DA17547A35C}"
EndProject
Project("{FAE04EC0-301F-11D3-BF4B-00C04F79EFBC}") = "Day8", "Day8\Day8.csproj", "{FFA2682B-0105-48E8-A400-3CDB8775D979}"
EndProject
Project("{FAE04EC0-301F-11D3-BF4B-00C04F79EFBC}") = "Day9", "Day9\Day9.csproj", "{D8BD34A0-06A6-44BA-A723-6FC61816BC08}"
EndProject
Project("{FAE04EC0-301F-11D3-BF4B-00C04F79EFBC}") = "Day10", "Day10\Day10.csproj", "{423763D1-5DA1-41DA-8778-883F63D47B9C}"
EndProject
Project("{FAE04EC0-301F-11D3-BF4B-00C04F79EFBC}") = "Day11", "Day11\Day11.csproj", "{FF6F330F-C0BC-4754-8721-E511A1D46256}"
EndProject
Project("{FAE04EC0-301F-11D3-BF4B-00C04F79EFBC}") = "Day12", "Day12\Day12.csproj", "{A6C0612C-EB37-4CE5-829B-9423BC1F3EEF}"
EndProject
Project("{FAE04EC0-301F-11D3-BF4B-00C04F79EFBC}") = "Day13", "Day13\Day13.csproj", "{CD250381-E576-47F4-8CE6-D95492AE8235}"
EndProject
Project("{FAE04EC0-301F-11D3-BF4B-00C04F79EFBC}") = "Day14", "Day14\Day14.csproj", "{7CBA4852-FC76-431C-9477-CC97124A8467}"
EndProject
Project("{FAE04EC0-301F-11D3-BF4B-00C04F79EFBC}") = "Day15", "Day15\Day15.csproj", "{FC1E11F8-00F0-4D05-AB1C-98A8FB2366F2}"
EndProject
Project("{FAE04EC0-301F-11D3-BF4B-00C04F79EFBC}") = "Day16", "Day16\Day16.csproj", "{36D68464-4703-4C26-A418-78049CA78223}"
EndProject
Project("{FAE04EC0-301F-11D3-BF4B-00C04F79EFBC}") = "Day17", "Day17\Day17.csproj", "{41C6E1E1-10CD-4BF2-81DF-7D130D59E760}"
EndProject
Project("{FAE04EC0-301F-11D3-BF4B-00C04F79EFBC}") = "Day18", "Day18\Day18.csproj", "{C231D98D-0101-4E66-BE71-D06CAF978B06}"
EndProject
Project("{FAE04EC0-301F-11D3-BF4B-00C04F79EFBC}") = "Day19", "Day19\Day19.csproj", "{1359ACC3-B00F-41E2-9F93-8AE491FBE673}"
EndProject
Project("{FAE04EC0-301F-11D3-BF4B-00C04F79EFBC}") = "Day20", "Day20\Day20.csproj", "{05E042B8-3C2B-43B3-937F-6C29E7BB5462}"
EndProject
Project("{FAE04EC0-301F-11D3-BF4B-00C04F79EFBC}") = "Day21", "Day21\Day21.csproj", "{002DDC35-BCB2-4869-8D13-5EDEC9B25325}"
EndProject
Project("{FAE04EC0-301F-11D3-BF4B-00C04F79EFBC}") = "Day25", "Day25\Day25.csproj", "{0037D574-CA59-44BD-825E-F14C97BB85A7}"
EndProject
Project("{FAE04EC0-301F-11D3-BF4B-00C04F79EFBC}") = "Day22", "Day22\Day22.csproj", "{EAF86D40-2D55-477B-A4D4-DB1F4A97A351}"
EndProject
Project("{FAE04EC0-301F-11D3-BF4B-00C04F79EFBC}") = "Day23", "Day23\Day23.csproj", "{475F78EE-B0F0-4A0F-A703-64E9F572ED2F}"
EndProject
Project("{FAE04EC0-301F-11D3-BF4B-00C04F79EFBC}") = "Day24", "Day24\Day24.csproj", "{5AAE6E5F-1F20-4BEA-93A4-69750707FDAA}"
EndProject
Project("{FAE04EC0-301F-11D3-BF4B-00C04F79EFBC}") = "Day24b", "Day24b\Day24b.csproj", "{F6BCAF58-526B-4A5E-9A3D-78438772DDAE}"
EndProject
Global
	GlobalSection(SolutionConfigurationPlatforms) = preSolution
		Debug|Any CPU = Debug|Any CPU
		Release|Any CPU = Release|Any CPU
	EndGlobalSection
	GlobalSection(ProjectConfigurationPlatforms) = postSolution
		{87A4C318-702A-498E-B481-F4567F4E499E}.Debug|Any CPU.ActiveCfg = Debug|Any CPU
		{87A4C318-702A-498E-B481-F4567F4E499E}.Debug|Any CPU.Build.0 = Debug|Any CPU
		{87A4C318-702A-498E-B481-F4567F4E499E}.Release|Any CPU.ActiveCfg = Release|Any CPU
		{87A4C318-702A-498E-B481-F4567F4E499E}.Release|Any CPU.Build.0 = Release|Any CPU
		{4986E53D-AFF3-403B-8421-5324AE0FF2B1}.Debug|Any CPU.ActiveCfg = Debug|Any CPU
		{4986E53D-AFF3-403B-8421-5324AE0FF2B1}.Debug|Any CPU.Build.0 = Debug|Any CPU
		{4986E53D-AFF3-403B-8421-5324AE0FF2B1}.Release|Any CPU.ActiveCfg = Release|Any CPU
		{4986E53D-AFF3-403B-8421-5324AE0FF2B1}.Release|Any CPU.Build.0 = Release|Any CPU
		{1BC68A22-F1FE-4658-A346-D1A82264BFAF}.Debug|Any CPU.ActiveCfg = Debug|Any CPU
		{1BC68A22-F1FE-4658-A346-D1A82264BFAF}.Debug|Any CPU.Build.0 = Debug|Any CPU
		{1BC68A22-F1FE-4658-A346-D1A82264BFAF}.Release|Any CPU.ActiveCfg = Release|Any CPU
		{1BC68A22-F1FE-4658-A346-D1A82264BFAF}.Release|Any CPU.Build.0 = Release|Any CPU
		{6149F6CD-3938-4969-9CB3-37B879F7A549}.Debug|Any CPU.ActiveCfg = Debug|Any CPU
		{6149F6CD-3938-4969-9CB3-37B879F7A549}.Debug|Any CPU.Build.0 = Debug|Any CPU
		{6149F6CD-3938-4969-9CB3-37B879F7A549}.Release|Any CPU.ActiveCfg = Release|Any CPU
		{6149F6CD-3938-4969-9CB3-37B879F7A549}.Release|Any CPU.Build.0 = Release|Any CPU
		{07059B82-1A82-4E6B-9D31-04F257A76F3A}.Debug|Any CPU.ActiveCfg = Debug|Any CPU
		{07059B82-1A82-4E6B-9D31-04F257A76F3A}.Debug|Any CPU.Build.0 = Debug|Any CPU
		{07059B82-1A82-4E6B-9D31-04F257A76F3A}.Release|Any CPU.ActiveCfg = Release|Any CPU
		{07059B82-1A82-4E6B-9D31-04F257A76F3A}.Release|Any CPU.Build.0 = Release|Any CPU
		{69FF1B82-1C36-46F2-A8C6-5C1AF4BB62A9}.Debug|Any CPU.ActiveCfg = Debug|Any CPU
		{69FF1B82-1C36-46F2-A8C6-5C1AF4BB62A9}.Debug|Any CPU.Build.0 = Debug|Any CPU
		{69FF1B82-1C36-46F2-A8C6-5C1AF4BB62A9}.Release|Any CPU.ActiveCfg = Release|Any CPU
		{69FF1B82-1C36-46F2-A8C6-5C1AF4BB62A9}.Release|Any CPU.Build.0 = Release|Any CPU
		{E10A1D73-FB7B-4CF5-B89F-0276D758040A}.Debug|Any CPU.ActiveCfg = Debug|Any CPU
		{E10A1D73-FB7B-4CF5-B89F-0276D758040A}.Debug|Any CPU.Build.0 = Debug|Any CPU
		{E10A1D73-FB7B-4CF5-B89F-0276D758040A}.Release|Any CPU.ActiveCfg = Release|Any CPU
		{E10A1D73-FB7B-4CF5-B89F-0276D758040A}.Release|Any CPU.Build.0 = Release|Any CPU
		{863B7471-EFE1-4090-91F7-0DA17547A35C}.Debug|Any CPU.ActiveCfg = Debug|Any CPU
		{863B7471-EFE1-4090-91F7-0DA17547A35C}.Debug|Any CPU.Build.0 = Debug|Any CPU
		{863B7471-EFE1-4090-91F7-0DA17547A35C}.Release|Any CPU.ActiveCfg = Release|Any CPU
		{863B7471-EFE1-4090-91F7-0DA17547A35C}.Release|Any CPU.Build.0 = Release|Any CPU
		{FFA2682B-0105-48E8-A400-3CDB8775D979}.Debug|Any CPU.ActiveCfg = Debug|Any CPU
		{FFA2682B-0105-48E8-A400-3CDB8775D979}.Debug|Any CPU.Build.0 = Debug|Any CPU
		{FFA2682B-0105-48E8-A400-3CDB8775D979}.Release|Any CPU.ActiveCfg = Release|Any CPU
		{FFA2682B-0105-48E8-A400-3CDB8775D979}.Release|Any CPU.Build.0 = Release|Any CPU
		{D8BD34A0-06A6-44BA-A723-6FC61816BC08}.Debug|Any CPU.ActiveCfg = Debug|Any CPU
		{D8BD34A0-06A6-44BA-A723-6FC61816BC08}.Debug|Any CPU.Build.0 = Debug|Any CPU
		{D8BD34A0-06A6-44BA-A723-6FC61816BC08}.Release|Any CPU.ActiveCfg = Release|Any CPU
		{D8BD34A0-06A6-44BA-A723-6FC61816BC08}.Release|Any CPU.Build.0 = Release|Any CPU
		{423763D1-5DA1-41DA-8778-883F63D47B9C}.Debug|Any CPU.ActiveCfg = Debug|Any CPU
		{423763D1-5DA1-41DA-8778-883F63D47B9C}.Debug|Any CPU.Build.0 = Debug|Any CPU
		{423763D1-5DA1-41DA-8778-883F63D47B9C}.Release|Any CPU.ActiveCfg = Release|Any CPU
		{423763D1-5DA1-41DA-8778-883F63D47B9C}.Release|Any CPU.Build.0 = Release|Any CPU
		{FF6F330F-C0BC-4754-8721-E511A1D46256}.Debug|Any CPU.ActiveCfg = Debug|Any CPU
		{FF6F330F-C0BC-4754-8721-E511A1D46256}.Debug|Any CPU.Build.0 = Debug|Any CPU
		{FF6F330F-C0BC-4754-8721-E511A1D46256}.Release|Any CPU.ActiveCfg = Release|Any CPU
		{FF6F330F-C0BC-4754-8721-E511A1D46256}.Release|Any CPU.Build.0 = Release|Any CPU
		{A6C0612C-EB37-4CE5-829B-9423BC1F3EEF}.Debug|Any CPU.ActiveCfg = Debug|Any CPU
		{A6C0612C-EB37-4CE5-829B-9423BC1F3EEF}.Debug|Any CPU.Build.0 = Debug|Any CPU
		{A6C0612C-EB37-4CE5-829B-9423BC1F3EEF}.Release|Any CPU.ActiveCfg = Release|Any CPU
		{A6C0612C-EB37-4CE5-829B-9423BC1F3EEF}.Release|Any CPU.Build.0 = Release|Any CPU
		{CD250381-E576-47F4-8CE6-D95492AE8235}.Debug|Any CPU.ActiveCfg = Debug|Any CPU
		{CD250381-E576-47F4-8CE6-D95492AE8235}.Debug|Any CPU.Build.0 = Debug|Any CPU
		{CD250381-E576-47F4-8CE6-D95492AE8235}.Release|Any CPU.ActiveCfg = Release|Any CPU
		{CD250381-E576-47F4-8CE6-D95492AE8235}.Release|Any CPU.Build.0 = Release|Any CPU
		{7CBA4852-FC76-431C-9477-CC97124A8467}.Debug|Any CPU.ActiveCfg = Debug|Any CPU
		{7CBA4852-FC76-431C-9477-CC97124A8467}.Debug|Any CPU.Build.0 = Debug|Any CPU
		{7CBA4852-FC76-431C-9477-CC97124A8467}.Release|Any CPU.ActiveCfg = Release|Any CPU
		{7CBA4852-FC76-431C-9477-CC97124A8467}.Release|Any CPU.Build.0 = Release|Any CPU
		{FC1E11F8-00F0-4D05-AB1C-98A8FB2366F2}.Debug|Any CPU.ActiveCfg = Debug|Any CPU
		{FC1E11F8-00F0-4D05-AB1C-98A8FB2366F2}.Debug|Any CPU.Build.0 = Debug|Any CPU
		{FC1E11F8-00F0-4D05-AB1C-98A8FB2366F2}.Release|Any CPU.ActiveCfg = Release|Any CPU
		{FC1E11F8-00F0-4D05-AB1C-98A8FB2366F2}.Release|Any CPU.Build.0 = Release|Any CPU
		{36D68464-4703-4C26-A418-78049CA78223}.Debug|Any CPU.ActiveCfg = Debug|Any CPU
		{36D68464-4703-4C26-A418-78049CA78223}.Debug|Any CPU.Build.0 = Debug|Any CPU
		{36D68464-4703-4C26-A418-78049CA78223}.Release|Any CPU.ActiveCfg = Release|Any CPU
		{36D68464-4703-4C26-A418-78049CA78223}.Release|Any CPU.Build.0 = Release|Any CPU
		{41C6E1E1-10CD-4BF2-81DF-7D130D59E760}.Debug|Any CPU.ActiveCfg = Debug|Any CPU
		{41C6E1E1-10CD-4BF2-81DF-7D130D59E760}.Debug|Any CPU.Build.0 = Debug|Any CPU
		{41C6E1E1-10CD-4BF2-81DF-7D130D59E760}.Release|Any CPU.ActiveCfg = Release|Any CPU
		{41C6E1E1-10CD-4BF2-81DF-7D130D59E760}.Release|Any CPU.Build.0 = Release|Any CPU
		{C231D98D-0101-4E66-BE71-D06CAF978B06}.Debug|Any CPU.ActiveCfg = Debug|Any CPU
		{C231D98D-0101-4E66-BE71-D06CAF978B06}.Debug|Any CPU.Build.0 = Debug|Any CPU
		{C231D98D-0101-4E66-BE71-D06CAF978B06}.Release|Any CPU.ActiveCfg = Release|Any CPU
		{C231D98D-0101-4E66-BE71-D06CAF978B06}.Release|Any CPU.Build.0 = Release|Any CPU
		{1359ACC3-B00F-41E2-9F93-8AE491FBE673}.Debug|Any CPU.ActiveCfg = Debug|Any CPU
		{1359ACC3-B00F-41E2-9F93-8AE491FBE673}.Debug|Any CPU.Build.0 = Debug|Any CPU
		{1359ACC3-B00F-41E2-9F93-8AE491FBE673}.Release|Any CPU.ActiveCfg = Release|Any CPU
		{1359ACC3-B00F-41E2-9F93-8AE491FBE673}.Release|Any CPU.Build.0 = Release|Any CPU
		{05E042B8-3C2B-43B3-937F-6C29E7BB5462}.Debug|Any CPU.ActiveCfg = Debug|Any CPU
		{05E042B8-3C2B-43B3-937F-6C29E7BB5462}.Debug|Any CPU.Build.0 = Debug|Any CPU
		{05E042B8-3C2B-43B3-937F-6C29E7BB5462}.Release|Any CPU.ActiveCfg = Release|Any CPU
		{05E042B8-3C2B-43B3-937F-6C29E7BB5462}.Release|Any CPU.Build.0 = Release|Any CPU
		{002DDC35-BCB2-4869-8D13-5EDEC9B25325}.Debug|Any CPU.ActiveCfg = Debug|Any CPU
		{002DDC35-BCB2-4869-8D13-5EDEC9B25325}.Debug|Any CPU.Build.0 = Debug|Any CPU
		{002DDC35-BCB2-4869-8D13-5EDEC9B25325}.Release|Any CPU.ActiveCfg = Release|Any CPU
		{002DDC35-BCB2-4869-8D13-5EDEC9B25325}.Release|Any CPU.Build.0 = Release|Any CPU
		{0037D574-CA59-44BD-825E-F14C97BB85A7}.Debug|Any CPU.ActiveCfg = Debug|Any CPU
		{0037D574-CA59-44BD-825E-F14C97BB85A7}.Debug|Any CPU.Build.0 = Debug|Any CPU
		{0037D574-CA59-44BD-825E-F14C97BB85A7}.Release|Any CPU.ActiveCfg = Release|Any CPU
		{0037D574-CA59-44BD-825E-F14C97BB85A7}.Release|Any CPU.Build.0 = Release|Any CPU
		{EAF86D40-2D55-477B-A4D4-DB1F4A97A351}.Debug|Any CPU.ActiveCfg = Debug|Any CPU
		{EAF86D40-2D55-477B-A4D4-DB1F4A97A351}.Debug|Any CPU.Build.0 = Debug|Any CPU
		{EAF86D40-2D55-477B-A4D4-DB1F4A97A351}.Release|Any CPU.ActiveCfg = Release|Any CPU
		{EAF86D40-2D55-477B-A4D4-DB1F4A97A351}.Release|Any CPU.Build.0 = Release|Any CPU
		{475F78EE-B0F0-4A0F-A703-64E9F572ED2F}.Debug|Any CPU.ActiveCfg = Debug|Any CPU
		{475F78EE-B0F0-4A0F-A703-64E9F572ED2F}.Debug|Any CPU.Build.0 = Debug|Any CPU
		{475F78EE-B0F0-4A0F-A703-64E9F572ED2F}.Release|Any CPU.ActiveCfg = Release|Any CPU
		{475F78EE-B0F0-4A0F-A703-64E9F572ED2F}.Release|Any CPU.Build.0 = Release|Any CPU
		{5AAE6E5F-1F20-4BEA-93A4-69750707FDAA}.Debug|Any CPU.ActiveCfg = Debug|Any CPU
		{5AAE6E5F-1F20-4BEA-93A4-69750707FDAA}.Debug|Any CPU.Build.0 = Debug|Any CPU
		{5AAE6E5F-1F20-4BEA-93A4-69750707FDAA}.Release|Any CPU.ActiveCfg = Release|Any CPU
		{5AAE6E5F-1F20-4BEA-93A4-69750707FDAA}.Release|Any CPU.Build.0 = Release|Any CPU
		{F6BCAF58-526B-4A5E-9A3D-78438772DDAE}.Debug|Any CPU.ActiveCfg = Debug|Any CPU
		{F6BCAF58-526B-4A5E-9A3D-78438772DDAE}.Debug|Any CPU.Build.0 = Debug|Any CPU
		{F6BCAF58-526B-4A5E-9A3D-78438772DDAE}.Release|Any CPU.ActiveCfg = Release|Any CPU
		{F6BCAF58-526B-4A5E-9A3D-78438772DDAE}.Release|Any CPU.Build.0 = Release|Any CPU
	EndGlobalSection
	GlobalSection(SolutionProperties) = preSolution
		HideSolutionNode = FALSE
	EndGlobalSection
	GlobalSection(ExtensibilityGlobals) = postSolution
		SolutionGuid = {A4291C8B-9A58-4FBA-84A9-2EC422690E7D}
	EndGlobalSection
EndGlobal
