
Microsoft Visual Studio Solution File, Format Version 12.00
# Visual Studio Version 17
VisualStudioVersion = 17.8.34322.80
MinimumVisualStudioVersion = 10.0.40219.1
Project("{9A19103F-16F7-4668-BE54-9A1E7A4F7556}") = "Day1", "Day1\Day1.csproj", "{87A4C318-702A-498E-B481-F4567F4E499E}"
EndProject
Project("{2150E333-8FDC-42A3-9474-1A3956D46DE8}") = "Solution Items", "Solution Items", "{238D0F7D-0D2C-41E7-9BDE-E5F608454CCE}"
	ProjectSection(SolutionItems) = preProject
		.gitignore = .gitignore
	EndProjectSection
EndProject
Project("{FAE04EC0-301F-11D3-BF4B-00C04F79EFBC}") = "Day2", "Day2\Day2.csproj", "{4986E53D-AFF3-403B-8421-5324AE0FF2B1}"
EndProject
Global
	GlobalSection(SolutionConfigurationPlatforms) = preSolution
		Debug|Any CPU = Debug|Any CPU
		Release|Any CPU = Release|Any CPU
	EndGlobalSection
	GlobalSection(ProjectConfigurationPlatforms) = postSolution
		{87A4C318-702A-498E-B481-F4567F4E499E}.Debug|Any CPU.ActiveCfg = Debug|Any CPU
		{87A4C318-702A-498E-B481-F4567F4E499E}.Debug|Any CPU.Build.0 = Debug|Any CPU
		{87A4C318-702A-498E-B481-F4567F4E499E}.Release|Any CPU.ActiveCfg = Release|Any CPU
		{87A4C318-702A-498E-B481-F4567F4E499E}.Release|Any CPU.Build.0 = Release|Any CPU
		{4986E53D-AFF3-403B-8421-5324AE0FF2B1}.Debug|Any CPU.ActiveCfg = Debug|Any CPU
		{4986E53D-AFF3-403B-8421-5324AE0FF2B1}.Debug|Any CPU.Build.0 = Debug|Any CPU
		{4986E53D-AFF3-403B-8421-5324AE0FF2B1}.Release|Any CPU.ActiveCfg = Release|Any CPU
		{4986E53D-AFF3-403B-8421-5324AE0FF2B1}.Release|Any CPU.Build.0 = Release|Any CPU
	EndGlobalSection
	GlobalSection(SolutionProperties) = preSolution
		HideSolutionNode = FALSE
	EndGlobalSection
	GlobalSection(ExtensibilityGlobals) = postSolution
		SolutionGuid = {A4291C8B-9A58-4FBA-84A9-2EC422690E7D}
	EndGlobalSection
EndGlobal
