Microsoft Visual Studio Solution File, Format Version 12.00
Project("{9A19103F-16F7-4668-BE54-9A1E7A4F7556}") = "Day2", "Day2\Day2.csproj", "{48E20851-3BEE-41A5-9565-756F976F70C8}"
EndProject
Project("{9A19103F-16F7-4668-BE54-9A1E7A4F7556}") = "Day1", "Day1\Day1.csproj", "{B6DE1D68-84E1-423D-8831-BF437A1A8E3E}"
EndProject
Project("{9A19103F-16F7-4668-BE54-9A1E7A4F7556}") = "Day3", "Day3\Day3.csproj", "{80F98AAF-CAF7-4DF0-9728-C865D5B46809}"
EndProject
Project("{9A19103F-16F7-4668-BE54-9A1E7A4F7556}") = "Day4", "Day4\Day4.csproj", "{D81E3DAB-63BB-4ACA-8C32-1E02C67DD4C6}"
EndProject
Project("{9A19103F-16F7-4668-BE54-9A1E7A4F7556}") = "Day5", "Day5\Day5.csproj", "{6770EFE4-6EF2-4880-823A-6AF6E94ABFDB}"
EndProject
Project("{9A19103F-16F7-4668-BE54-9A1E7A4F7556}") = "Day6", "Day6\Day6.csproj", "{4DA936F3-4722-4432-816E-F63CD439BD6B}"
EndProject
Project("{9A19103F-16F7-4668-BE54-9A1E7A4F7556}") = "Day7", "Day7\Day7.csproj", "{43B976F8-33B0-4494-BA46-AC751E4EFD42}"
EndProject
Project("{9A19103F-16F7-4668-BE54-9A1E7A4F7556}") = "DayTemplate", "DayTemplate\DayTemplate.csproj", "{F22DF905-2260-442F-BC4B-31978E95F796}"
EndProject
Global
	GlobalSection(SolutionConfigurationPlatforms) = preSolution
		Debug|Any CPU = Debug|Any CPU
		Release|Any CPU = Release|Any CPU
	EndGlobalSection
	GlobalSection(ProjectConfigurationPlatforms) = postSolution
		{48E20851-3BEE-41A5-9565-756F976F70C8}.Debug|Any CPU.ActiveCfg = Debug|Any CPU
		{48E20851-3BEE-41A5-9565-756F976F70C8}.Debug|Any CPU.Build.0 = Debug|Any CPU
		{48E20851-3BEE-41A5-9565-756F976F70C8}.Release|Any CPU.ActiveCfg = Release|Any CPU
		{48E20851-3BEE-41A5-9565-756F976F70C8}.Release|Any CPU.Build.0 = Release|Any CPU
		{B6DE1D68-84E1-423D-8831-BF437A1A8E3E}.Debug|Any CPU.ActiveCfg = Debug|Any CPU
		{B6DE1D68-84E1-423D-8831-BF437A1A8E3E}.Debug|Any CPU.Build.0 = Debug|Any CPU
		{B6DE1D68-84E1-423D-8831-BF437A1A8E3E}.Release|Any CPU.ActiveCfg = Release|Any CPU
		{B6DE1D68-84E1-423D-8831-BF437A1A8E3E}.Release|Any CPU.Build.0 = Release|Any CPU
		{80F98AAF-CAF7-4DF0-9728-C865D5B46809}.Debug|Any CPU.ActiveCfg = Debug|Any CPU
		{80F98AAF-CAF7-4DF0-9728-C865D5B46809}.Debug|Any CPU.Build.0 = Debug|Any CPU
		{80F98AAF-CAF7-4DF0-9728-C865D5B46809}.Release|Any CPU.ActiveCfg = Release|Any CPU
		{80F98AAF-CAF7-4DF0-9728-C865D5B46809}.Release|Any CPU.Build.0 = Release|Any CPU
		{D81E3DAB-63BB-4ACA-8C32-1E02C67DD4C6}.Debug|Any CPU.ActiveCfg = Debug|Any CPU
		{D81E3DAB-63BB-4ACA-8C32-1E02C67DD4C6}.Debug|Any CPU.Build.0 = Debug|Any CPU
		{D81E3DAB-63BB-4ACA-8C32-1E02C67DD4C6}.Release|Any CPU.ActiveCfg = Release|Any CPU
		{D81E3DAB-63BB-4ACA-8C32-1E02C67DD4C6}.Release|Any CPU.Build.0 = Release|Any CPU
		{6770EFE4-6EF2-4880-823A-6AF6E94ABFDB}.Debug|Any CPU.ActiveCfg = Debug|Any CPU
		{6770EFE4-6EF2-4880-823A-6AF6E94ABFDB}.Debug|Any CPU.Build.0 = Debug|Any CPU
		{6770EFE4-6EF2-4880-823A-6AF6E94ABFDB}.Release|Any CPU.ActiveCfg = Release|Any CPU
		{6770EFE4-6EF2-4880-823A-6AF6E94ABFDB}.Release|Any CPU.Build.0 = Release|Any CPU
		{4DA936F3-4722-4432-816E-F63CD439BD6B}.Debug|Any CPU.ActiveCfg = Debug|Any CPU
		{4DA936F3-4722-4432-816E-F63CD439BD6B}.Debug|Any CPU.Build.0 = Debug|Any CPU
		{4DA936F3-4722-4432-816E-F63CD439BD6B}.Release|Any CPU.ActiveCfg = Release|Any CPU
		{4DA936F3-4722-4432-816E-F63CD439BD6B}.Release|Any CPU.Build.0 = Release|Any CPU
		{43B976F8-33B0-4494-BA46-AC751E4EFD42}.Debug|Any CPU.ActiveCfg = Debug|Any CPU
		{43B976F8-33B0-4494-BA46-AC751E4EFD42}.Debug|Any CPU.Build.0 = Debug|Any CPU
		{43B976F8-33B0-4494-BA46-AC751E4EFD42}.Release|Any CPU.ActiveCfg = Release|Any CPU
		{43B976F8-33B0-4494-BA46-AC751E4EFD42}.Release|Any CPU.Build.0 = Release|Any CPU
		{F22DF905-2260-442F-BC4B-31978E95F796}.Debug|Any CPU.ActiveCfg = Debug|Any CPU
		{F22DF905-2260-442F-BC4B-31978E95F796}.Debug|Any CPU.Build.0 = Debug|Any CPU
		{F22DF905-2260-442F-BC4B-31978E95F796}.Release|Any CPU.ActiveCfg = Release|Any CPU
		{F22DF905-2260-442F-BC4B-31978E95F796}.Release|Any CPU.Build.0 = Release|Any CPU
	EndGlobalSection
	GlobalSection(SolutionProperties) = preSolution
		HideSolutionNode = FALSE
	EndGlobalSection
	GlobalSection(ExtensibilityGlobals) = postSolution
		SolutionGuid = {EFEB9EB9-3E59-407B-98B4-1CB8A26A1510}
	EndGlobalSection
EndGlobal
